// !$*UTF8*$!
{
	archiveVersion = 1;
	classes = {
	};
	objectVersion = 46;
	objects = {

/* Begin PBXBuildFile section */
		8FB06BEE1B115325005772F5 /* main.m in Sources */ = {isa = PBXBuildFile; fileRef = 8FB06BED1B115325005772F5 /* main.m */; };
		8FB06BF11B115325005772F5 /* AppDelegate.m in Sources */ = {isa = PBXBuildFile; fileRef = 8FB06BF01B115325005772F5 /* AppDelegate.m */; };
		8FB06BF41B115325005772F5 /* ViewController.m in Sources */ = {isa = PBXBuildFile; fileRef = 8FB06BF31B115325005772F5 /* ViewController.m */; };
		8FB06BF71B115325005772F5 /* Main.storyboard in Resources */ = {isa = PBXBuildFile; fileRef = 8FB06BF51B115325005772F5 /* Main.storyboard */; };
		8FB06BF91B115325005772F5 /* Images.xcassets in Resources */ = {isa = PBXBuildFile; fileRef = 8FB06BF81B115325005772F5 /* Images.xcassets */; };
		8FB06BFC1B115325005772F5 /* LaunchScreen.xib in Resources */ = {isa = PBXBuildFile; fileRef = 8FB06BFA1B115325005772F5 /* LaunchScreen.xib */; };
		8FB06C081B115326005772F5 /* MobileHelperTests.m in Sources */ = {isa = PBXBuildFile; fileRef = 8FB06C071B115326005772F5 /* MobileHelperTests.m */; };
/* End PBXBuildFile section */

/* Begin PBXContainerItemProxy section */
		8FB06C021B115326005772F5 /* PBXContainerItemProxy */ = {
			isa = PBXContainerItemProxy;
			containerPortal = 8FB06BE01B115325005772F5 /* Project object */;
			proxyType = 1;
			remoteGlobalIDString = 8FB06BE71B115325005772F5;
			remoteInfo = MobileHelper;
		};
/* End PBXContainerItemProxy section */

/* Begin PBXFileReference section */
		8FB06BE81B115325005772F5 /* MobileHelper.app */ = {isa = PBXFileReference; explicitFileType = wrapper.application; includeInIndex = 0; path = MobileHelper.app; sourceTree = BUILT_PRODUCTS_DIR; };
		8FB06BEC1B115325005772F5 /* Info.plist */ = {isa = PBXFileReference; lastKnownFileType = text.plist.xml; path = Info.plist; sourceTree = "<group>"; };
		8FB06BED1B115325005772F5 /* main.m */ = {isa = PBXFileReference; lastKnownFileType = sourcecode.c.objc; path = main.m; sourceTree = "<group>"; };
		8FB06BEF1B115325005772F5 /* AppDelegate.h */ = {isa = PBXFileReference; lastKnownFileType = sourcecode.c.h; path = AppDelegate.h; sourceTree = "<group>"; };
		8FB06BF01B115325005772F5 /* AppDelegate.m */ = {isa = PBXFileReference; lastKnownFileType = sourcecode.c.objc; path = AppDelegate.m; sourceTree = "<group>"; };
		8FB06BF21B115325005772F5 /* ViewController.h */ = {isa = PBXFileReference; lastKnownFileType = sourcecode.c.h; path = ViewController.h; sourceTree = "<group>"; };
		8FB06BF31B115325005772F5 /* ViewController.m */ = {isa = PBXFileReference; lastKnownFileType = sourcecode.c.objc; path = ViewController.m; sourceTree = "<group>"; };
		8FB06BF61B115325005772F5 /* Base */ = {isa = PBXFileReference; lastKnownFileType = file.storyboard; name = Base; path = Base.lproj/Main.storyboard; sourceTree = "<group>"; };
		8FB06BF81B115325005772F5 /* Images.xcassets */ = {isa = PBXFileReference; lastKnownFileType = folder.assetcatalog; path = Images.xcassets; sourceTree = "<group>"; };
		8FB06BFB1B115325005772F5 /* Base */ = {isa = PBXFileReference; lastKnownFileType = file.xib; name = Base; path = Base.lproj/LaunchScreen.xib; sourceTree = "<group>"; };
		8FB06C011B115326005772F5 /* MobileHelperTests.xctest */ = {isa = PBXFileReference; explicitFileType = wrapper.cfbundle; includeInIndex = 0; path = MobileHelperTests.xctest; sourceTree = BUILT_PRODUCTS_DIR; };
		8FB06C061B115326005772F5 /* Info.plist */ = {isa = PBXFileReference; lastKnownFileType = text.plist.xml; path = Info.plist; sourceTree = "<group>"; };
		8FB06C071B115326005772F5 /* MobileHelperTests.m */ = {isa = PBXFileReference; lastKnownFileType = sourcecode.c.objc; path = MobileHelperTests.m; sourceTree = "<group>"; };
/* End PBXFileReference section */

/* Begin PBXFrameworksBuildPhase section */
		8FB06BE51B115325005772F5 /* Frameworks */ = {
			isa = PBXFrameworksBuildPhase;
			buildActionMask = 2147483647;
			files = (
			);
			runOnlyForDeploymentPostprocessing = 0;
		};
		8FB06BFE1B115326005772F5 /* Frameworks */ = {
			isa = PBXFrameworksBuildPhase;
			buildActionMask = 2147483647;
			files = (
			);
			runOnlyForDeploymentPostprocessing = 0;
		};
/* End PBXFrameworksBuildPhase section */

/* Begin PBXGroup section */
		8FB06BDF1B115325005772F5 = {
			isa = PBXGroup;
			children = (
				8FB06BEA1B115325005772F5 /* MobileHelper */,
				8FB06C041B115326005772F5 /* MobileHelperTests */,
				8FB06BE91B115325005772F5 /* Products */,
			);
			sourceTree = "<group>";
		};
		8FB06BE91B115325005772F5 /* Products */ = {
			isa = PBXGroup;
			children = (
				8FB06BE81B115325005772F5 /* MobileHelper.app */,
				8FB06C011B115326005772F5 /* MobileHelperTests.xctest */,
			);
			name = Products;
			sourceTree = "<group>";
		};
		8FB06BEA1B115325005772F5 /* MobileHelper */ = {
			isa = PBXGroup;
			children = (
				8FB06BEF1B115325005772F5 /* AppDelegate.h */,
				8FB06BF01B115325005772F5 /* AppDelegate.m */,
				8FB06BF21B115325005772F5 /* ViewController.h */,
				8FB06BF31B115325005772F5 /* ViewController.m */,
				8FB06BF51B115325005772F5 /* Main.storyboard */,
				8FB06BF81B115325005772F5 /* Images.xcassets */,
				8FB06BFA1B115325005772F5 /* LaunchScreen.xib */,
				8FB06BEB1B115325005772F5 /* Supporting Files */,
			);
			path = MobileHelper;
			sourceTree = "<group>";
		};
		8FB06BEB1B115325005772F5 /* Supporting Files */ = {
			isa = PBXGroup;
			children = (
				8FB06BEC1B115325005772F5 /* Info.plist */,
				8FB06BED1B115325005772F5 /* main.m */,
			);
			name = "Supporting Files";
			sourceTree = "<group>";
		};
		8FB06C041B115326005772F5 /* MobileHelperTests */ = {
			isa = PBXGroup;
			children = (
				8FB06C071B115326005772F5 /* MobileHelperTests.m */,
				8FB06C051B115326005772F5 /* Supporting Files */,
			);
			path = MobileHelperTests;
			sourceTree = "<group>";
		};
		8FB06C051B115326005772F5 /* Supporting Files */ = {
			isa = PBXGroup;
			children = (
				8FB06C061B115326005772F5 /* Info.plist */,
			);
			name = "Supporting Files";
			sourceTree = "<group>";
		};
/* End PBXGroup section */

/* Begin PBXNativeTarget section */
		8FB06BE71B115325005772F5 /* MobileHelper */ = {
			isa = PBXNativeTarget;
			buildConfigurationList = 8FB06C0B1B115326005772F5 /* Build configuration list for PBXNativeTarget "MobileHelper" */;
			buildPhases = (
				8FB06BE41B115325005772F5 /* Sources */,
				8FB06BE51B115325005772F5 /* Frameworks */,
				8FB06BE61B115325005772F5 /* Resources */,
			);
			buildRules = (
			);
			dependencies = (
			);
			name = MobileHelper;
			productName = MobileHelper;
			productReference = 8FB06BE81B115325005772F5 /* MobileHelper.app */;
			productType = "com.apple.product-type.application";
		};
		8FB06C001B115326005772F5 /* MobileHelperTests */ = {
			isa = PBXNativeTarget;
			buildConfigurationList = 8FB06C0E1B115326005772F5 /* Build configuration list for PBXNativeTarget "MobileHelperTests" */;
			buildPhases = (
				8FB06BFD1B115326005772F5 /* Sources */,
				8FB06BFE1B115326005772F5 /* Frameworks */,
				8FB06BFF1B115326005772F5 /* Resources */,
			);
			buildRules = (
			);
			dependencies = (
				8FB06C031B115326005772F5 /* PBXTargetDependency */,
			);
			name = MobileHelperTests;
			productName = MobileHelperTests;
			productReference = 8FB06C011B115326005772F5 /* MobileHelperTests.xctest */;
			productType = "com.apple.product-type.bundle.unit-test";
		};
/* End PBXNativeTarget section */

/* Begin PBXProject section */
		8FB06BE01B115325005772F5 /* Project object */ = {
			isa = PBXProject;
			attributes = {
				LastUpgradeCheck = 0630;
				ORGANIZATIONNAME = Dwiyer;
				TargetAttributes = {
					8FB06BE71B115325005772F5 = {
						CreatedOnToolsVersion = 6.3.1;
					};
					8FB06C001B115326005772F5 = {
						CreatedOnToolsVersion = 6.3.1;
						TestTargetID = 8FB06BE71B115325005772F5;
					};
				};
			};
			buildConfigurationList = 8FB06BE31B115325005772F5 /* Build configuration list for PBXProject "MobileHelper" */;
			compatibilityVersion = "Xcode 3.2";
			developmentRegion = English;
			hasScannedForEncodings = 0;
			knownRegions = (
				en,
				Base,
			);
			mainGroup = 8FB06BDF1B115325005772F5;
			productRefGroup = 8FB06BE91B115325005772F5 /* Products */;
			projectDirPath = "";
			projectRoot = "";
			targets = (
				8FB06BE71B115325005772F5 /* MobileHelper */,
				8FB06C001B115326005772F5 /* MobileHelperTests */,
			);
		};
/* End PBXProject section */

/* Begin PBXResourcesBuildPhase section */
		8FB06BE61B115325005772F5 /* Resources */ = {
			isa = PBXResourcesBuildPhase;
			buildActionMask = 2147483647;
			files = (
				8FB06BF71B115325005772F5 /* Main.storyboard in Resources */,
				8FB06BFC1B115325005772F5 /* LaunchScreen.xib in Resources */,
				8FB06BF91B115325005772F5 /* Images.xcassets in Resources */,
			);
			runOnlyForDeploymentPostprocessing = 0;
		};
		8FB06BFF1B115326005772F5 /* Resources */ = {
			isa = PBXResourcesBuildPhase;
			buildActionMask = 2147483647;
			files = (
			);
			runOnlyForDeploymentPostprocessing = 0;
		};
/* End PBXResourcesBuildPhase section */

/* Begin PBXSourcesBuildPhase section */
		8FB06BE41B115325005772F5 /* Sources */ = {
			isa = PBXSourcesBuildPhase;
			buildActionMask = 2147483647;
			files = (
				8FB06BF41B115325005772F5 /* ViewController.m in Sources */,
				8FB06BF11B115325005772F5 /* AppDelegate.m in Sources */,
				8FB06BEE1B115325005772F5 /* main.m in Sources */,
			);
			runOnlyForDeploymentPostprocessing = 0;
		};
		8FB06BFD1B115326005772F5 /* Sources */ = {
			isa = PBXSourcesBuildPhase;
			buildActionMask = 2147483647;
			files = (
				8FB06C081B115326005772F5 /* MobileHelperTests.m in Sources */,
			);
			runOnlyForDeploymentPostprocessing = 0;
		};
/* End PBXSourcesBuildPhase section */

/* Begin PBXTargetDependency section */
		8FB06C031B115326005772F5 /* PBXTargetDependency */ = {
			isa = PBXTargetDependency;
			target = 8FB06BE71B115325005772F5 /* MobileHelper */;
			targetProxy = 8FB06C021B115326005772F5 /* PBXContainerItemProxy */;
		};
/* End PBXTargetDependency section */

/* Begin PBXVariantGroup section */
		8FB06BF51B115325005772F5 /* Main.storyboard */ = {
			isa = PBXVariantGroup;
			children = (
				8FB06BF61B115325005772F5 /* Base */,
			);
			name = Main.storyboard;
			sourceTree = "<group>";
		};
		8FB06BFA1B115325005772F5 /* LaunchScreen.xib */ = {
			isa = PBXVariantGroup;
			children = (
				8FB06BFB1B115325005772F5 /* Base */,
			);
			name = LaunchScreen.xib;
			sourceTree = "<group>";
		};
/* End PBXVariantGroup section */

/* Begin XCBuildConfiguration section */
		8FB06C091B115326005772F5 /* Debug */ = {
			isa = XCBuildConfiguration;
			buildSettings = {
				ALWAYS_SEARCH_USER_PATHS = NO;
				CLANG_CXX_LANGUAGE_STANDARD = "gnu++0x";
				CLANG_CXX_LIBRARY = "libc++";
				CLANG_ENABLE_MODULES = YES;
				CLANG_ENABLE_OBJC_ARC = YES;
				CLANG_WARN_BOOL_CONVERSION = YES;
				CLANG_WARN_CONSTANT_CONVERSION = YES;
				CLANG_WARN_DIRECT_OBJC_ISA_USAGE = YES_ERROR;
				CLANG_WARN_EMPTY_BODY = YES;
				CLANG_WARN_ENUM_CONVERSION = YES;
				CLANG_WARN_INT_CONVERSION = YES;
				CLANG_WARN_OBJC_ROOT_CLASS = YES_ERROR;
				CLANG_WARN_UNREACHABLE_CODE = YES;
				CLANG_WARN__DUPLICATE_METHOD_MATCH = YES;
				"CODE_SIGN_IDENTITY[sdk=iphoneos*]" = "iPhone Developer";
				COPY_PHASE_STRIP = NO;
				DEBUG_INFORMATION_FORMAT = "dwarf-with-dsym";
				ENABLE_STRICT_OBJC_MSGSEND = YES;
				GCC_C_LANGUAGE_STANDARD = gnu99;
				GCC_DYNAMIC_NO_PIC = NO;
				GCC_NO_COMMON_BLOCKS = YES;
				GCC_OPTIMIZATION_LEVEL = 0;
				GCC_PREPROCESSOR_DEFINITIONS = (
					"DEBUG=1",
					"$(inherited)",
				);
				GCC_SYMBOLS_PRIVATE_EXTERN = NO;
				GCC_WARN_64_TO_32_BIT_CONVERSION = YES;
				GCC_WARN_ABOUT_RETURN_TYPE = YES_ERROR;
				GCC_WARN_UNDECLARED_SELECTOR = YES;
				GCC_WARN_UNINITIALIZED_AUTOS = YES_AGGRESSIVE;
				GCC_WARN_UNUSED_FUNCTION = YES;
				GCC_WARN_UNUSED_VARIABLE = YES;
				IPHONEOS_DEPLOYMENT_TARGET = 8.3;
				MTL_ENABLE_DEBUG_INFO = YES;
				ONLY_ACTIVE_ARCH = YES;
				SDKROOT = iphoneos;
			};
			name = Debug;
		};
		8FB06C0A1B115326005772F5 /* Release */ = {
			isa = XCBuildConfiguration;
			buildSettings = {
				ALWAYS_SEARCH_USER_PATHS = NO;
				CLANG_CXX_LANGUAGE_STANDARD = "gnu++0x";
				CLANG_CXX_LIBRARY = "libc++";
				CLANG_ENABLE_MODULES = YES;
				CLANG_ENABLE_OBJC_ARC = YES;
				CLANG_WARN_BOOL_CONVERSION = YES;
				CLANG_WARN_CONSTANT_CONVERSION = YES;
				CLANG_WARN_DIRECT_OBJC_ISA_USAGE = YES_ERROR;
				CLANG_WARN_EMPTY_BODY = YES;
				CLANG_WARN_ENUM_CONVERSION = YES;
				CLANG_WARN_INT_CONVERSION = YES;
				CLANG_WARN_OBJC_ROOT_CLASS = YES_ERROR;
				CLANG_WARN_UNREACHABLE_CODE = YES;
				CLANG_WARN__DUPLICATE_METHOD_MATCH = YES;
				"CODE_SIGN_IDENTITY[sdk=iphoneos*]" = "iPhone Developer";
				COPY_PHASE_STRIP = NO;
				DEBUG_INFORMATION_FORMAT = "dwarf-with-dsym";
				ENABLE_NS_ASSERTIONS = NO;
				ENABLE_STRICT_OBJC_MSGSEND = YES;
				GCC_C_LANGUAGE_STANDARD = gnu99;
				GCC_NO_COMMON_BLOCKS = YES;
				GCC_WARN_64_TO_32_BIT_CONVERSION = YES;
				GCC_WARN_ABOUT_RETURN_TYPE = YES_ERROR;
				GCC_WARN_UNDECLARED_SELECTOR = YES;
				GCC_WARN_UNINITIALIZED_AUTOS = YES_AGGRESSIVE;
				GCC_WARN_UNUSED_FUNCTION = YES;
				GCC_WARN_UNUSED_VARIABLE = YES;
				IPHONEOS_DEPLOYMENT_TARGET = 8.3;
				MTL_ENABLE_DEBUG_INFO = NO;
				SDKROOT = iphoneos;
				VALIDATE_PRODUCT = YES;
			};
			name = Release;
		};
		8FB06C0C1B115326005772F5 /* Debug */ = {
			isa = XCBuildConfiguration;
			buildSettings = {
				ASSETCATALOG_COMPILER_APPICON_NAME = AppIcon;
				INFOPLIST_FILE = MobileHelper/Info.plist;
				LD_RUNPATH_SEARCH_PATHS = "$(inherited) @executable_path/Frameworks";
				PRODUCT_NAME = "$(TARGET_NAME)";
			};
			name = Debug;
		};
		8FB06C0D1B115326005772F5 /* Release */ = {
			isa = XCBuildConfiguration;
			buildSettings = {
				ASSETCATALOG_COMPILER_APPICON_NAME = AppIcon;
				INFOPLIST_FILE = MobileHelper/Info.plist;
				LD_RUNPATH_SEARCH_PATHS = "$(inherited) @executable_path/Frameworks";
				PRODUCT_NAME = "$(TARGET_NAME)";
			};
			name = Release;
		};
		8FB06C0F1B115326005772F5 /* Debug */ = {
			isa = XCBuildConfiguration;
			buildSettings = {
				BUNDLE_LOADER = "$(TEST_HOST)";
				FRAMEWORK_SEARCH_PATHS = (
					"$(SDKROOT)/Developer/Library/Frameworks",
					"$(inherited)",
				);
				GCC_PREPROCESSOR_DEFINITIONS = (
					"DEBUG=1",
					"$(inherited)",
				);
				INFOPLIST_FILE = MobileHelperTests/Info.plist;
				LD_RUNPATH_SEARCH_PATHS = "$(inherited) @executable_path/Frameworks @loader_path/Frameworks";
				PRODUCT_NAME = "$(TARGET_NAME)";
				TEST_HOST = "$(BUILT_PRODUCTS_DIR)/MobileHelper.app/MobileHelper";
			};
			name = Debug;
		};
		8FB06C101B115326005772F5 /* Release */ = {
			isa = XCBuildConfiguration;
			buildSettings = {
				BUNDLE_LOADER = "$(TEST_HOST)";
				FRAMEWORK_SEARCH_PATHS = (
					"$(SDKROOT)/Developer/Library/Frameworks",
					"$(inherited)",
				);
				INFOPLIST_FILE = MobileHelperTests/Info.plist;
				LD_RUNPATH_SEARCH_PATHS = "$(inherited) @executable_path/Frameworks @loader_path/Frameworks";
				PRODUCT_NAME = "$(TARGET_NAME)";
				TEST_HOST = "$(BUILT_PRODUCTS_DIR)/MobileHelper.app/MobileHelper";
			};
			name = Release;
		};
/* End XCBuildConfiguration section */

/* Begin XCConfigurationList section */
		8FB06BE31B115325005772F5 /* Build configuration list for PBXProject "MobileHelper" */ = {
			isa = XCConfigurationList;
			buildConfigurations = (
				8FB06C091B115326005772F5 /* Debug */,
				8FB06C0A1B115326005772F5 /* Release */,
			);
			defaultConfigurationIsVisible = 0;
			defaultConfigurationName = Release;
		};
		8FB06C0B1B115326005772F5 /* Build configuration list for PBXNativeTarget "MobileHelper" */ = {
			isa = XCConfigurationList;
			buildConfigurations = (
				8FB06C0C1B115326005772F5 /* Debug */,
				8FB06C0D1B115326005772F5 /* Release */,
			);
			defaultConfigurationIsVisible = 0;
		};
		8FB06C0E1B115326005772F5 /* Build configuration list for PBXNativeTarget "MobileHelperTests" */ = {
			isa = XCConfigurationList;
			buildConfigurations = (
				8FB06C0F1B115326005772F5 /* Debug */,
				8FB06C101B115326005772F5 /* Release */,
			);
			defaultConfigurationIsVisible = 0;
		};
/* End XCConfigurationList section */
	};
	rootObject = 8FB06BE01B115325005772F5 /* Project object */;
}
